<?xml version="1.0" encoding="utf-8"?>
<Project ToolsVersion="4.0" xmlns="http://schemas.microsoft.com/developer/msbuild/2003">
  <ItemGroup>
    <ClCompile Include="Source.cpp" />
    <ClCompile Include="game.cpp" />
    <ClCompile Include="Gun.cpp">
      <Filter>entity</Filter>
    </ClCompile>
    <ClCompile Include="Projectile.cpp">
      <Filter>entity</Filter>
    </ClCompile>
    <ClCompile Include="InputHandler.cpp" />
    <ClCompile Include="Entity.cpp">
      <Filter>entity</Filter>
    </ClCompile>
    <ClCompile Include="Player.cpp">
      <Filter>entity</Filter>
    </ClCompile>
  </ItemGroup>
  <ItemGroup>
    <Filter Include="states">
      <UniqueIdentifier>{e2f29b04-31bb-4992-8afc-bf06928f5b0e}</UniqueIdentifier>
    </Filter>
    <Filter Include="entity">
      <UniqueIdentifier>{b14df95c-ee2b-4f00-a478-d7f23fa18399}</UniqueIdentifier>
    </Filter>
  </ItemGroup>
  <ItemGroup>
    <ClInclude Include="game.h" />
    <ClInclude Include="Gun.h">
      <Filter>entity</Filter>
    </ClInclude>
    <ClInclude Include="Projectile.h">
      <Filter>entity</Filter>
    </ClInclude>
    <ClInclude Include="InputHandler.h" />
    <ClInclude Include="Entity.h">
      <Filter>entity</Filter>
    </ClInclude>
    <ClInclude Include="Player.h">
      <Filter>entity</Filter>
    </ClInclude>
  </ItemGroup>
</Project>